// !$*UTF8*$!
{
	archiveVersion = 1;
	classes = {
	};
	objectVersion = 77;
	objects = {

/* Begin PBXBuildFile section */
		3D6F4DCC2BBD8D3813C4B286 /* TerminalView.swift in Sources */ = {isa = PBXBuildFile; fileRef = BE26EB6663F32F590DEAB55F /* TerminalView.swift */; };
		4A0177EB728E8D71790AFA14 /* LelokOSApp.swift in Sources */ = {isa = PBXBuildFile; fileRef = EA25AE518B49E80DDC789E16 /* LelokOSApp.swift */; };
		6350944A014323D16CEE5213 /* SettingsView.swift in Sources */ = {isa = PBXBuildFile; fileRef = 11640922C9D1829AA5994DB5 /* SettingsView.swift */; };
		6368FAB1AE93EC6E4AF2BB1D /* InteractiveProcess.swift in Sources */ = {isa = PBXBuildFile; fileRef = DB9080A3C5EA0A754C5CE9AF /* InteractiveProcess.swift */; };
		D115DD59F3B727CFB687737B /* ShellManager.swift in Sources */ = {isa = PBXBuildFile; fileRef = 41CED9EC2C1F404DF3574032 /* ShellManager.swift */; };
		EA5073223162BE27D5616C8B /* ada_marie_character.json in Resources */ = {isa = PBXBuildFile; fileRef = 346AF1ED731B781360800F74 /* ada_marie_character.json */; };
/* End PBXBuildFile section */

/* Begin PBXFileReference section */
		11640922C9D1829AA5994DB5 /* SettingsView.swift */ = {isa = PBXFileReference; lastKnownFileType = sourcecode.swift; path = SettingsView.swift; sourceTree = "<group>"; };
		2D6715CCD1588B7EEB8F19D8 /* LelokOS.app */ = {isa = PBXFileReference; explicitFileType = wrapper.application; includeInIndex = 0; path = LelokOS.app; sourceTree = BUILT_PRODUCTS_DIR; };
		346AF1ED731B781360800F74 /* ada_marie_character.json */ = {isa = PBXFileReference; lastKnownFileType = text.json; path = ada_marie_character.json; sourceTree = "<group>"; };
		41CED9EC2C1F404DF3574032 /* ShellManager.swift */ = {isa = PBXFileReference; lastKnownFileType = sourcecode.swift; path = ShellManager.swift; sourceTree = "<group>"; };
		BE26EB6663F32F590DEAB55F /* TerminalView.swift */ = {isa = PBXFileReference; lastKnownFileType = sourcecode.swift; path = TerminalView.swift; sourceTree = "<group>"; };
		DB9080A3C5EA0A754C5CE9AF /* InteractiveProcess.swift */ = {isa = PBXFileReference; lastKnownFileType = sourcecode.swift; path = InteractiveProcess.swift; sourceTree = "<group>"; };
		EA25AE518B49E80DDC789E16 /* LelokOSApp.swift */ = {isa = PBXFileReference; lastKnownFileType = sourcecode.swift; path = LelokOSApp.swift; sourceTree = "<group>"; };
/* End PBXFileReference section */

/* Begin PBXGroup section */
		1FBC8C8650DFBBEC9A116EE2 = {
			isa = PBXGroup;
			children = (
				A36B0AD4CD47C1399CA04FEA /* LelokOS */,
				62CC616B800218BC5A66B623 /* Shared */,
				98B8D1789F59DB56B1D64350 /* Products */,
			);
			sourceTree = "<group>";
		};
		4AA16928B07EC97868419802 /* Shared */ = {
			isa = PBXGroup;
			children = (
				DB9080A3C5EA0A754C5CE9AF /* InteractiveProcess.swift */,
				EA25AE518B49E80DDC789E16 /* LelokOSApp.swift */,
				11640922C9D1829AA5994DB5 /* SettingsView.swift */,
				41CED9EC2C1F404DF3574032 /* ShellManager.swift */,
				BE26EB6663F32F590DEAB55F /* TerminalView.swift */,
				A8E87D7F9892DCCA4F5A9F8B /* Resources */,
			);
			name = Shared;
			path = LelokOS/Shared;
			sourceTree = "<group>";
		};
		62CC616B800218BC5A66B623 /* Shared */ = {
			isa = PBXGroup;
			children = (
				4AA16928B07EC97868419802 /* Shared */,
			);
			name = Shared;
			sourceTree = "<group>";
		};
		98B8D1789F59DB56B1D64350 /* Products */ = {
			isa = PBXGroup;
			children = (
				2D6715CCD1588B7EEB8F19D8 /* LelokOS.app */,
			);
			name = Products;
			sourceTree = "<group>";
		};
		A36B0AD4CD47C1399CA04FEA /* LelokOS */ = {
			isa = PBXGroup;
			children = (
				4AA16928B07EC97868419802 /* Shared */,
			);
			path = LelokOS;
			sourceTree = "<group>";
		};
		A8E87D7F9892DCCA4F5A9F8B /* Resources */ = {
			isa = PBXGroup;
			children = (
				346AF1ED731B781360800F74 /* ada_marie_character.json */,
			);
			path = Resources;
			sourceTree = "<group>";
		};
/* End PBXGroup section */

/* Begin PBXNativeTarget section */
		69AFEAD365D43D207A94A36A /* LelokOS */ = {
			isa = PBXNativeTarget;
			buildConfigurationList = 1898E1D1A8B2AF04C42213B3 /* Build configuration list for PBXNativeTarget "LelokOS" */;
			buildPhases = (
				140C117109D02493D863BEE6 /* Sources */,
				970A0FB2DD3E99E3E2B0D776 /* Resources */,
			);
			buildRules = (
			);
			dependencies = (
			);
			name = LelokOS;
			packageProductDependencies = (
			);
			productName = LelokOS;
			productReference = 2D6715CCD1588B7EEB8F19D8 /* LelokOS.app */;
			productType = "com.apple.product-type.application";
		};
/* End PBXNativeTarget section */

/* Begin PBXProject section */
		31DD698AE7D44CAB32C8F91C /* Project object */ = {
			isa = PBXProject;
			attributes = {
				BuildIndependentTargetsInParallel = YES;
				LastUpgradeCheck = 2640;
				TargetAttributes = {
					69AFEAD365D43D207A94A36A = {
						DevelopmentTeam = "";
						ProvisioningStyle = Automatic;
					};
				};
			};
			buildConfigurationList = 7A9CBD6B8550BAAF9D8E07CD /* Build configuration list for PBXProject "LelokOS" */;
			compatibilityVersion = "Xcode 14.0";
			developmentRegion = en;
			hasScannedForEncodings = 0;
			knownRegions = (
				Base,
				en,
			);
			mainGroup = 1FBC8C8650DFBBEC9A116EE2;
			minimizedProjectReferenceProxies = 1;
			preferredProjectObjectVersion = 77;
			projectDirPath = "";
			projectRoot = "";
			targets = (
				69AFEAD365D43D207A94A36A /* LelokOS */,
			);
		};
/* End PBXProject section */

/* Begin PBXResourcesBuildPhase section */
		970A0FB2DD3E99E3E2B0D776 /* Resources */ = {
			isa = PBXResourcesBuildPhase;
			buildActionMask = 2147483647;
			files = (
				EA5073223162BE27D5616C8B /* ada_marie_character.json in Resources */,
			);
			runOnlyForDeploymentPostprocessing = 0;
		};
/* End PBXResourcesBuildPhase section */

/* Begin PBXSourcesBuildPhase section */
		140C117109D02493D863BEE6 /* Sources */ = {
			isa = PBXSourcesBuildPhase;
			buildActionMask = 2147483647;
			files = (
				6368FAB1AE93EC6E4AF2BB1D /* InteractiveProcess.swift in Sources */,
				4A0177EB728E8D71790AFA14 /* LelokOSApp.swift in Sources */,
				6350944A014323D16CEE5213 /* SettingsView.swift in Sources */,
				D115DD59F3B727CFB687737B /* ShellManager.swift in Sources */,
				3D6F4DCC2BBD8D3813C4B286 /* TerminalView.swift in Sources */,
			);
			runOnlyForDeploymentPostprocessing = 0;
		};
/* End PBXSourcesBuildPhase section */

/* Begin XCBuildConfiguration section */
		2614149957BCEEC1B20B36DD /* Debug */ = {
			isa = XCBuildConfiguration;
			buildSettings = {
				ASSETCATALOG_COMPILER_APPICON_NAME = AppIcon;
				CODE_SIGN_STYLE = Automatic;
				COMBINE_HIDPI_IMAGES = YES;
				CURRENT_PROJECT_VERSION = 1;
				ENABLE_PREVIEWS = YES;
				GENERATE_INFOPLIST_FILE = YES;
				INFOPLIST_GENERATION_MODE = GeneratedFile;
				INFOPLIST_KEY_CFBundleDisplayName = "Lelock OS";
				INFOPLIST_KEY_LSApplicationCategoryType = "public.app-category.developer-tools";
				INFOPLIST_KEY_NSMainStoryboardFile = "";
				LD_RUNPATH_SEARCH_PATHS = (
					"$(inherited)",
					"@executable_path/../Frameworks",
				);
				MARKETING_VERSION = 0.1.0;
				PRODUCT_BUNDLE_IDENTIFIER = com.lelock.os;
				PRODUCT_NAME = "Lelock OS";
				SDKROOT = macosx;
				SWIFT_EMIT_LOC_STRINGS = YES;
			};
			name = Debug;
		};
		5AB0EBB9CBC4162810EA2166 /* Release */ = {
			isa = XCBuildConfiguration;
			buildSettings = {
				ASSETCATALOG_COMPILER_APPICON_NAME = AppIcon;
				CODE_SIGN_STYLE = Automatic;
				COMBINE_HIDPI_IMAGES = YES;
				CURRENT_PROJECT_VERSION = 1;
				ENABLE_PREVIEWS = YES;
				GENERATE_INFOPLIST_FILE = YES;
				INFOPLIST_GENERATION_MODE = GeneratedFile;
				INFOPLIST_KEY_CFBundleDisplayName = "Lelock OS";
				INFOPLIST_KEY_LSApplicationCategoryType = "public.app-category.developer-tools";
				INFOPLIST_KEY_NSMainStoryboardFile = "";
				LD_RUNPATH_SEARCH_PATHS = (
					"$(inherited)",
					"@executable_path/../Frameworks",
				);
				MARKETING_VERSION = 0.1.0;
				PRODUCT_BUNDLE_IDENTIFIER = com.lelock.os;
				PRODUCT_NAME = "Lelock OS";
				SDKROOT = macosx;
				SWIFT_EMIT_LOC_STRINGS = YES;
			};
			name = Release;
		};
		945B6B6FD6643D89112350AD /* Debug */ = {
			isa = XCBuildConfiguration;
			buildSettings = {
				ALWAYS_SEARCH_USER_PATHS = NO;
				CLANG_ANALYZER_NONNULL = YES;
				CLANG_ANALYZER_NUMBER_OBJECT_CONVERSION = YES_AGGRESSIVE;
				CLANG_CXX_LANGUAGE_STANDARD = "gnu++14";
				CLANG_CXX_LIBRARY = "libc++";
				CLANG_ENABLE_MODULES = YES;
				CLANG_ENABLE_OBJC_ARC = YES;
				CLANG_ENABLE_OBJC_WEAK = YES;
				CLANG_WARN_BLOCK_CAPTURE_AUTORELEASING = YES;
				CLANG_WARN_BOOL_CONVERSION = YES;
				CLANG_WARN_COMMA = YES;
				CLANG_WARN_CONSTANT_CONVERSION = YES;
				CLANG_WARN_DEPRECATED_OBJC_IMPLEMENTATIONS = YES;
				CLANG_WARN_DIRECT_OBJC_ISA_USAGE = YES_ERROR;
				CLANG_WARN_DOCUMENTATION_COMMENTS = YES;
				CLANG_WARN_EMPTY_BODY = YES;
				CLANG_WARN_ENUM_CONVERSION = YES;
				CLANG_WARN_INFINITE_RECURSION = YES;
				CLANG_WARN_INT_CONVERSION = YES;
				CLANG_WARN_NON_LITERAL_NULL_CONVERSION = YES;
				CLANG_WARN_OBJC_IMPLICIT_RETAIN_SELF = YES;
				CLANG_WARN_OBJC_LITERAL_CONVERSION = YES;
				CLANG_WARN_OBJC_ROOT_CLASS = YES_ERROR;
				CLANG_WARN_QUOTED_INCLUDE_IN_FRAMEWORK_HEADER = YES;
				CLANG_WARN_RANGE_LOOP_ANALYSIS = YES;
				CLANG_WARN_STRICT_PROTOTYPES = YES;
				CLANG_WARN_SUSPICIOUS_MOVE = YES;
				CLANG_WARN_UNGUARDED_AVAILABILITY = YES_AGGRESSIVE;
				CLANG_WARN_UNREACHABLE_CODE = YES;
				CLANG_WARN__DUPLICATE_METHOD_MATCH = YES;
				COPY_PHASE_STRIP = NO;
				DEBUG_INFORMATION_FORMAT = dwarf;
				DEVELOPMENT_TEAM = "";
				ENABLE_STRICT_OBJC_MSGSEND = YES;
				ENABLE_TESTABILITY = YES;
				GCC_C_LANGUAGE_STANDARD = gnu11;
				GCC_DYNAMIC_NO_PIC = NO;
				GCC_NO_COMMON_BLOCKS = YES;
				GCC_OPTIMIZATION_LEVEL = 0;
				GCC_PREPROCESSOR_DEFINITIONS = (
					"$(inherited)",
					"DEBUG=1",
				);
				GCC_WARN_64_TO_32_BIT_CONVERSION = YES;
				GCC_WARN_ABOUT_RETURN_TYPE = YES_ERROR;
				GCC_WARN_UNDECLARED_SELECTOR = YES;
				GCC_WARN_UNINITIALIZED_AUTOS = YES_AGGRESSIVE;
				GCC_WARN_UNUSED_FUNCTION = YES;
				GCC_WARN_UNUSED_VARIABLE = YES;
				MACOSX_DEPLOYMENT_TARGET = 14.0;
				MTL_ENABLE_DEBUG_INFO = INCLUDE_SOURCE;
				MTL_FAST_MATH = YES;
				ONLY_ACTIVE_ARCH = YES;
				PRODUCT_NAME = "$(TARGET_NAME)";
				SDKROOT = macosx;
				SWIFT_ACTIVE_COMPILATION_CONDITIONS = DEBUG;
				SWIFT_OPTIMIZATION_LEVEL = "-Onone";
				SWIFT_VERSION = 6.0;
			};
			name = Debug;
		};
		CB588235DF0FB64B88C263F4 /* Release */ = {
			isa = XCBuildConfiguration;
			buildSettings = {
				ALWAYS_SEARCH_USER_PATHS = NO;
				CLANG_ANALYZER_NONNULL = YES;
				CLANG_ANALYZER_NUMBER_OBJECT_CONVERSION = YES_AGGRESSIVE;
				CLANG_CXX_LANGUAGE_STANDARD = "gnu++14";
				CLANG_CXX_LIBRARY = "libc++";
				CLANG_ENABLE_MODULES = YES;
				CLANG_ENABLE_OBJC_ARC = YES;
				CLANG_ENABLE_OBJC_WEAK = YES;
				CLANG_WARN_BLOCK_CAPTURE_AUTORELEASING = YES;
				CLANG_WARN_BOOL_CONVERSION = YES;
				CLANG_WARN_COMMA = YES;
				CLANG_WARN_CONSTANT_CONVERSION = YES;
				CLANG_WARN_DEPRECATED_OBJC_IMPLEMENTATIONS = YES;
				CLANG_WARN_DIRECT_OBJC_ISA_USAGE = YES_ERROR;
				CLANG_WARN_DOCUMENTATION_COMMENTS = YES;
				CLANG_WARN_EMPTY_BODY = YES;
				CLANG_WARN_ENUM_CONVERSION = YES;
				CLANG_WARN_INFINITE_RECURSION = YES;
				CLANG_WARN_INT_CONVERSION = YES;
				CLANG_WARN_NON_LITERAL_NULL_CONVERSION = YES;
				CLANG_WARN_OBJC_IMPLICIT_RETAIN_SELF = YES;
				CLANG_WARN_OBJC_LITERAL_CONVERSION = YES;
				CLANG_WARN_OBJC_ROOT_CLASS = YES_ERROR;
				CLANG_WARN_QUOTED_INCLUDE_IN_FRAMEWORK_HEADER = YES;
				CLANG_WARN_RANGE_LOOP_ANALYSIS = YES;
				CLANG_WARN_STRICT_PROTOTYPES = YES;
				CLANG_WARN_SUSPICIOUS_MOVE = YES;
				CLANG_WARN_UNGUARDED_AVAILABILITY = YES_AGGRESSIVE;
				CLANG_WARN_UNREACHABLE_CODE = YES;
				CLANG_WARN__DUPLICATE_METHOD_MATCH = YES;
				COPY_PHASE_STRIP = NO;
				DEBUG_INFORMATION_FORMAT = "dwarf-with-dsym";
				DEVELOPMENT_TEAM = "";
				ENABLE_NS_ASSERTIONS = NO;
				ENABLE_STRICT_OBJC_MSGSEND = YES;
				GCC_C_LANGUAGE_STANDARD = gnu11;
				GCC_NO_COMMON_BLOCKS = YES;
				GCC_WARN_64_TO_32_BIT_CONVERSION = YES;
				GCC_WARN_ABOUT_RETURN_TYPE = YES_ERROR;
				GCC_WARN_UNDECLARED_SELECTOR = YES;
				GCC_WARN_UNINITIALIZED_AUTOS = YES_AGGRESSIVE;
				GCC_WARN_UNUSED_FUNCTION = YES;
				GCC_WARN_UNUSED_VARIABLE = YES;
				MACOSX_DEPLOYMENT_TARGET = 14.0;
				MTL_ENABLE_DEBUG_INFO = NO;
				MTL_FAST_MATH = YES;
				PRODUCT_NAME = "$(TARGET_NAME)";
				SDKROOT = macosx;
				SWIFT_COMPILATION_MODE = wholemodule;
				SWIFT_OPTIMIZATION_LEVEL = "-O";
				SWIFT_VERSION = 6.0;
			};
			name = Release;
		};
/* End XCBuildConfiguration section */

/* Begin XCConfigurationList section */
		1898E1D1A8B2AF04C42213B3 /* Build configuration list for PBXNativeTarget "LelokOS" */ = {
			isa = XCConfigurationList;
			buildConfigurations = (
				2614149957BCEEC1B20B36DD /* Debug */,
				5AB0EBB9CBC4162810EA2166 /* Release */,
			);
			defaultConfigurationIsVisible = 0;
			defaultConfigurationName = Debug;
		};
		7A9CBD6B8550BAAF9D8E07CD /* Build configuration list for PBXProject "LelokOS" */ = {
			isa = XCConfigurationList;
			buildConfigurations = (
				945B6B6FD6643D89112350AD /* Debug */,
				CB588235DF0FB64B88C263F4 /* Release */,
			);
			defaultConfigurationIsVisible = 0;
			defaultConfigurationName = Debug;
		};
/* End XCConfigurationList section */
	};
	rootObject = 31DD698AE7D44CAB32C8F91C /* Project object */;
}
